
Microsoft Visual Studio Solution File, Format Version 12.00
# Visual Studio Version 17
VisualStudioVersion = 17.0.32014.148
MinimumVisualStudioVersion = 10.0.40219.1
Project("{FAE04EC0-301F-11D3-BF4B-00C04F79EFBC}") = "WebFTPSharp", "WebFTPSharp.csproj", "{606A04D7-AFDC-4C9E-92AE-B21EFA9D098B}"
EndProject
Global
	GlobalSection(SolutionConfigurationPlatforms) = preSolution
		Debug|Any CPU = Debug|Any CPU
		Release|Any CPU = Release|Any CPU
	EndGlobalSection
	GlobalSection(ProjectConfigurationPlatforms) = postSolution
		{606A04D7-AFDC-4C9E-92AE-B21EFA9D098B}.Debug|Any CPU.ActiveCfg = Debug|Any CPU
		{606A04D7-AFDC-4C9E-92AE-B21EFA9D098B}.Debug|Any CPU.Build.0 = Debug|Any CPU
		{606A04D7-AFDC-4C9E-92AE-B21EFA9D098B}.Release|Any CPU.ActiveCfg = Release|Any CPU
		{606A04D7-AFDC-4C9E-92AE-B21EFA9D098B}.Release|Any CPU.Build.0 = Release|Any CPU
	EndGlobalSection
	GlobalSection(SolutionProperties) = preSolution
		HideSolutionNode = FALSE
	EndGlobalSection
	GlobalSection(ExtensibilityGlobals) = postSolution
		SolutionGuid = {AF7ECCA5-54D9-46A5-8184-5667608B21B1}
	EndGlobalSection
EndGlobal
